
Microsoft Visual Studio Solution File, Format Version 12.00
# Visual Studio Version 16
VisualStudioVersion = 16.0.31205.134
MinimumVisualStudioVersion = 10.0.40219.1
Project("{FAE04EC0-301F-11D3-BF4B-00C04F79EFBC}") = "PSG_Webapp", "PSG_Webapp.csproj", "{3925DC44-AB08-4DAE-813B-A37097FA1B37}"
EndProject
Global
	GlobalSection(SolutionConfigurationPlatforms) = preSolution
		Debug|Any CPU = Debug|Any CPU
		Release|Any CPU = Release|Any CPU
	EndGlobalSection
	GlobalSection(ProjectConfigurationPlatforms) = postSolution
		{3925DC44-AB08-4DAE-813B-A37097FA1B37}.Debug|Any CPU.ActiveCfg = Debug|Any CPU
		{3925DC44-AB08-4DAE-813B-A37097FA1B37}.Debug|Any CPU.Build.0 = Debug|Any CPU
		{3925DC44-AB08-4DAE-813B-A37097FA1B37}.Release|Any CPU.ActiveCfg = Release|Any CPU
		{3925DC44-AB08-4DAE-813B-A37097FA1B37}.Release|Any CPU.Build.0 = Release|Any CPU
	EndGlobalSection
	GlobalSection(SolutionProperties) = preSolution
		HideSolutionNode = FALSE
	EndGlobalSection
	GlobalSection(ExtensibilityGlobals) = postSolution
		SolutionGuid = {BA828E95-5F24-47D7-B767-BECEAB9A8A1C}
	EndGlobalSection
EndGlobal
